// !$*UTF8*$!
{
	archiveVersion = 1;
	classes = {
	};
	objectVersion = 56;
	objects = {

/* Begin PBXBuildFile section */
		D6875C772AEB4A8D003AB250 /* ShoppingLogApp.swift in Sources */ = {isa = PBXBuildFile; fileRef = D6875C762AEB4A8D003AB250 /* ShoppingLogApp.swift */; };
		D6875C792AEB4A8D003AB250 /* ContentView.swift in Sources */ = {isa = PBXBuildFile; fileRef = D6875C782AEB4A8D003AB250 /* ContentView.swift */; };
		D6875C7B2AEB4A8D003AB250 /* Item.swift in Sources */ = {isa = PBXBuildFile; fileRef = D6875C7A2AEB4A8D003AB250 /* Item.swift */; };
		D6875C7D2AEB4A8E003AB250 /* Assets.xcassets in Resources */ = {isa = PBXBuildFile; fileRef = D6875C7C2AEB4A8E003AB250 /* Assets.xcassets */; };
		D6875C802AEB4A8E003AB250 /* Preview Assets.xcassets in Resources */ = {isa = PBXBuildFile; fileRef = D6875C7F2AEB4A8E003AB250 /* Preview Assets.xcassets */; };
		D6875C8A2AEB4A8F003AB250 /* ShoppingLogTests.swift in Sources */ = {isa = PBXBuildFile; fileRef = D6875C892AEB4A8F003AB250 /* ShoppingLogTests.swift */; };
		D6875C942AEB4A8F003AB250 /* ShoppingLogUITests.swift in Sources */ = {isa = PBXBuildFile; fileRef = D6875C932AEB4A8F003AB250 /* ShoppingLogUITests.swift */; };
		D6875C962AEB4A8F003AB250 /* ShoppingLogUITestsLaunchTests.swift in Sources */ = {isa = PBXBuildFile; fileRef = D6875C952AEB4A8F003AB250 /* ShoppingLogUITestsLaunchTests.swift */; };
		D6875CA32AEB572A003AB250 /* CreateLogView.swift in Sources */ = {isa = PBXBuildFile; fileRef = D6875CA22AEB572A003AB250 /* CreateLogView.swift */; };
		D6875CA52AEB5A1B003AB250 /* EditLogView.swift in Sources */ = {isa = PBXBuildFile; fileRef = D6875CA42AEB5A1B003AB250 /* EditLogView.swift */; };
		D6875CA72AECAC18003AB250 /* SettingView.swift in Sources */ = {isa = PBXBuildFile; fileRef = D6875CA62AECAC18003AB250 /* SettingView.swift */; };
/* End PBXBuildFile section */

/* Begin PBXContainerItemProxy section */
		D6875C862AEB4A8F003AB250 /* PBXContainerItemProxy */ = {
			isa = PBXContainerItemProxy;
			containerPortal = D6875C6B2AEB4A8D003AB250 /* Project object */;
			proxyType = 1;
			remoteGlobalIDString = D6875C722AEB4A8D003AB250;
			remoteInfo = ShoppingLog;
		};
		D6875C902AEB4A8F003AB250 /* PBXContainerItemProxy */ = {
			isa = PBXContainerItemProxy;
			containerPortal = D6875C6B2AEB4A8D003AB250 /* Project object */;
			proxyType = 1;
			remoteGlobalIDString = D6875C722AEB4A8D003AB250;
			remoteInfo = ShoppingLog;
		};
/* End PBXContainerItemProxy section */

/* Begin PBXFileReference section */
		D6875C732AEB4A8D003AB250 /* ShoppingLog.app */ = {isa = PBXFileReference; explicitFileType = wrapper.application; includeInIndex = 0; path = ShoppingLog.app; sourceTree = BUILT_PRODUCTS_DIR; };
		D6875C762AEB4A8D003AB250 /* ShoppingLogApp.swift */ = {isa = PBXFileReference; lastKnownFileType = sourcecode.swift; path = ShoppingLogApp.swift; sourceTree = "<group>"; };
		D6875C782AEB4A8D003AB250 /* ContentView.swift */ = {isa = PBXFileReference; lastKnownFileType = sourcecode.swift; path = ContentView.swift; sourceTree = "<group>"; };
		D6875C7A2AEB4A8D003AB250 /* Item.swift */ = {isa = PBXFileReference; lastKnownFileType = sourcecode.swift; path = Item.swift; sourceTree = "<group>"; };
		D6875C7C2AEB4A8E003AB250 /* Assets.xcassets */ = {isa = PBXFileReference; lastKnownFileType = folder.assetcatalog; path = Assets.xcassets; sourceTree = "<group>"; };
		D6875C7F2AEB4A8E003AB250 /* Preview Assets.xcassets */ = {isa = PBXFileReference; lastKnownFileType = folder.assetcatalog; path = "Preview Assets.xcassets"; sourceTree = "<group>"; };
		D6875C852AEB4A8F003AB250 /* ShoppingLogTests.xctest */ = {isa = PBXFileReference; explicitFileType = wrapper.cfbundle; includeInIndex = 0; path = ShoppingLogTests.xctest; sourceTree = BUILT_PRODUCTS_DIR; };
		D6875C892AEB4A8F003AB250 /* ShoppingLogTests.swift */ = {isa = PBXFileReference; lastKnownFileType = sourcecode.swift; path = ShoppingLogTests.swift; sourceTree = "<group>"; };
		D6875C8F2AEB4A8F003AB250 /* ShoppingLogUITests.xctest */ = {isa = PBXFileReference; explicitFileType = wrapper.cfbundle; includeInIndex = 0; path = ShoppingLogUITests.xctest; sourceTree = BUILT_PRODUCTS_DIR; };
		D6875C932AEB4A8F003AB250 /* ShoppingLogUITests.swift */ = {isa = PBXFileReference; lastKnownFileType = sourcecode.swift; path = ShoppingLogUITests.swift; sourceTree = "<group>"; };
		D6875C952AEB4A8F003AB250 /* ShoppingLogUITestsLaunchTests.swift */ = {isa = PBXFileReference; lastKnownFileType = sourcecode.swift; path = ShoppingLogUITestsLaunchTests.swift; sourceTree = "<group>"; };
		D6875CA22AEB572A003AB250 /* CreateLogView.swift */ = {isa = PBXFileReference; lastKnownFileType = sourcecode.swift; path = CreateLogView.swift; sourceTree = "<group>"; };
		D6875CA42AEB5A1B003AB250 /* EditLogView.swift */ = {isa = PBXFileReference; lastKnownFileType = sourcecode.swift; path = EditLogView.swift; sourceTree = "<group>"; };
		D6875CA62AECAC18003AB250 /* SettingView.swift */ = {isa = PBXFileReference; lastKnownFileType = sourcecode.swift; path = SettingView.swift; sourceTree = "<group>"; };
/* End PBXFileReference section */

/* Begin PBXFrameworksBuildPhase section */
		D6875C702AEB4A8D003AB250 /* Frameworks */ = {
			isa = PBXFrameworksBuildPhase;
			buildActionMask = 2147483647;
			files = (
			);
			runOnlyForDeploymentPostprocessing = 0;
		};
		D6875C822AEB4A8F003AB250 /* Frameworks */ = {
			isa = PBXFrameworksBuildPhase;
			buildActionMask = 2147483647;
			files = (
			);
			runOnlyForDeploymentPostprocessing = 0;
		};
		D6875C8C2AEB4A8F003AB250 /* Frameworks */ = {
			isa = PBXFrameworksBuildPhase;
			buildActionMask = 2147483647;
			files = (
			);
			runOnlyForDeploymentPostprocessing = 0;
		};
/* End PBXFrameworksBuildPhase section */

/* Begin PBXGroup section */
		D6875C6A2AEB4A8D003AB250 = {
			isa = PBXGroup;
			children = (
				D6875C752AEB4A8D003AB250 /* ShoppingLog */,
				D6875C882AEB4A8F003AB250 /* ShoppingLogTests */,
				D6875C922AEB4A8F003AB250 /* ShoppingLogUITests */,
				D6875C742AEB4A8D003AB250 /* Products */,
			);
			sourceTree = "<group>";
		};
		D6875C742AEB4A8D003AB250 /* Products */ = {
			isa = PBXGroup;
			children = (
				D6875C732AEB4A8D003AB250 /* ShoppingLog.app */,
				D6875C852AEB4A8F003AB250 /* ShoppingLogTests.xctest */,
				D6875C8F2AEB4A8F003AB250 /* ShoppingLogUITests.xctest */,
			);
			name = Products;
			sourceTree = "<group>";
		};
		D6875C752AEB4A8D003AB250 /* ShoppingLog */ = {
			isa = PBXGroup;
			children = (
				D6875C762AEB4A8D003AB250 /* ShoppingLogApp.swift */,
				D6875C782AEB4A8D003AB250 /* ContentView.swift */,
				D6875C7A2AEB4A8D003AB250 /* Item.swift */,
				D6875CA22AEB572A003AB250 /* CreateLogView.swift */,
				D6875CA62AECAC18003AB250 /* SettingView.swift */,
				D6875CA42AEB5A1B003AB250 /* EditLogView.swift */,
				D6875C7C2AEB4A8E003AB250 /* Assets.xcassets */,
				D6875C7E2AEB4A8E003AB250 /* Preview Content */,
			);
			path = ShoppingLog;
			sourceTree = "<group>";
		};
		D6875C7E2AEB4A8E003AB250 /* Preview Content */ = {
			isa = PBXGroup;
			children = (
				D6875C7F2AEB4A8E003AB250 /* Preview Assets.xcassets */,
			);
			path = "Preview Content";
			sourceTree = "<group>";
		};
		D6875C882AEB4A8F003AB250 /* ShoppingLogTests */ = {
			isa = PBXGroup;
			children = (
				D6875C892AEB4A8F003AB250 /* ShoppingLogTests.swift */,
			);
			path = ShoppingLogTests;
			sourceTree = "<group>";
		};
		D6875C922AEB4A8F003AB250 /* ShoppingLogUITests */ = {
			isa = PBXGroup;
			children = (
				D6875C932AEB4A8F003AB250 /* ShoppingLogUITests.swift */,
				D6875C952AEB4A8F003AB250 /* ShoppingLogUITestsLaunchTests.swift */,
			);
			path = ShoppingLogUITests;
			sourceTree = "<group>";
		};
/* End PBXGroup section */

/* Begin PBXNativeTarget section */
		D6875C722AEB4A8D003AB250 /* ShoppingLog */ = {
			isa = PBXNativeTarget;
			buildConfigurationList = D6875C992AEB4A8F003AB250 /* Build configuration list for PBXNativeTarget "ShoppingLog" */;
			buildPhases = (
				D6875C6F2AEB4A8D003AB250 /* Sources */,
				D6875C702AEB4A8D003AB250 /* Frameworks */,
				D6875C712AEB4A8D003AB250 /* Resources */,
			);
			buildRules = (
			);
			dependencies = (
			);
			name = ShoppingLog;
			productName = ShoppingLog;
			productReference = D6875C732AEB4A8D003AB250 /* ShoppingLog.app */;
			productType = "com.apple.product-type.application";
		};
		D6875C842AEB4A8F003AB250 /* ShoppingLogTests */ = {
			isa = PBXNativeTarget;
			buildConfigurationList = D6875C9C2AEB4A8F003AB250 /* Build configuration list for PBXNativeTarget "ShoppingLogTests" */;
			buildPhases = (
				D6875C812AEB4A8F003AB250 /* Sources */,
				D6875C822AEB4A8F003AB250 /* Frameworks */,
				D6875C832AEB4A8F003AB250 /* Resources */,
			);
			buildRules = (
			);
			dependencies = (
				D6875C872AEB4A8F003AB250 /* PBXTargetDependency */,
			);
			name = ShoppingLogTests;
			productName = ShoppingLogTests;
			productReference = D6875C852AEB4A8F003AB250 /* ShoppingLogTests.xctest */;
			productType = "com.apple.product-type.bundle.unit-test";
		};
		D6875C8E2AEB4A8F003AB250 /* ShoppingLogUITests */ = {
			isa = PBXNativeTarget;
			buildConfigurationList = D6875C9F2AEB4A8F003AB250 /* Build configuration list for PBXNativeTarget "ShoppingLogUITests" */;
			buildPhases = (
				D6875C8B2AEB4A8F003AB250 /* Sources */,
				D6875C8C2AEB4A8F003AB250 /* Frameworks */,
				D6875C8D2AEB4A8F003AB250 /* Resources */,
			);
			buildRules = (
			);
			dependencies = (
				D6875C912AEB4A8F003AB250 /* PBXTargetDependency */,
			);
			name = ShoppingLogUITests;
			productName = ShoppingLogUITests;
			productReference = D6875C8F2AEB4A8F003AB250 /* ShoppingLogUITests.xctest */;
			productType = "com.apple.product-type.bundle.ui-testing";
		};
/* End PBXNativeTarget section */

/* Begin PBXProject section */
		D6875C6B2AEB4A8D003AB250 /* Project object */ = {
			isa = PBXProject;
			attributes = {
				BuildIndependentTargetsInParallel = 1;
				LastSwiftUpdateCheck = 1500;
				LastUpgradeCheck = 1500;
				TargetAttributes = {
					D6875C722AEB4A8D003AB250 = {
						CreatedOnToolsVersion = 15.0.1;
					};
					D6875C842AEB4A8F003AB250 = {
						CreatedOnToolsVersion = 15.0.1;
						TestTargetID = D6875C722AEB4A8D003AB250;
					};
					D6875C8E2AEB4A8F003AB250 = {
						CreatedOnToolsVersion = 15.0.1;
						TestTargetID = D6875C722AEB4A8D003AB250;
					};
				};
			};
			buildConfigurationList = D6875C6E2AEB4A8D003AB250 /* Build configuration list for PBXProject "ShoppingLog" */;
			compatibilityVersion = "Xcode 14.0";
			developmentRegion = en;
			hasScannedForEncodings = 0;
			knownRegions = (
				en,
				Base,
			);
			mainGroup = D6875C6A2AEB4A8D003AB250;
			productRefGroup = D6875C742AEB4A8D003AB250 /* Products */;
			projectDirPath = "";
			projectRoot = "";
			targets = (
				D6875C722AEB4A8D003AB250 /* ShoppingLog */,
				D6875C842AEB4A8F003AB250 /* ShoppingLogTests */,
				D6875C8E2AEB4A8F003AB250 /* ShoppingLogUITests */,
			);
		};
/* End PBXProject section */

/* Begin PBXResourcesBuildPhase section */
		D6875C712AEB4A8D003AB250 /* Resources */ = {
			isa = PBXResourcesBuildPhase;
			buildActionMask = 2147483647;
			files = (
				D6875C802AEB4A8E003AB250 /* Preview Assets.xcassets in Resources */,
				D6875C7D2AEB4A8E003AB250 /* Assets.xcassets in Resources */,
			);
			runOnlyForDeploymentPostprocessing = 0;
		};
		D6875C832AEB4A8F003AB250 /* Resources */ = {
			isa = PBXResourcesBuildPhase;
			buildActionMask = 2147483647;
			files = (
			);
			runOnlyForDeploymentPostprocessing = 0;
		};
		D6875C8D2AEB4A8F003AB250 /* Resources */ = {
			isa = PBXResourcesBuildPhase;
			buildActionMask = 2147483647;
			files = (
			);
			runOnlyForDeploymentPostprocessing = 0;
		};
/* End PBXResourcesBuildPhase section */

/* Begin PBXSourcesBuildPhase section */
		D6875C6F2AEB4A8D003AB250 /* Sources */ = {
			isa = PBXSourcesBuildPhase;
			buildActionMask = 2147483647;
			files = (
				D6875CA52AEB5A1B003AB250 /* EditLogView.swift in Sources */,
				D6875C792AEB4A8D003AB250 /* ContentView.swift in Sources */,
				D6875C7B2AEB4A8D003AB250 /* Item.swift in Sources */,
				D6875CA72AECAC18003AB250 /* SettingView.swift in Sources */,
				D6875C772AEB4A8D003AB250 /* ShoppingLogApp.swift in Sources */,
				D6875CA32AEB572A003AB250 /* CreateLogView.swift in Sources */,
			);
			runOnlyForDeploymentPostprocessing = 0;
		};
		D6875C812AEB4A8F003AB250 /* Sources */ = {
			isa = PBXSourcesBuildPhase;
			buildActionMask = 2147483647;
			files = (
				D6875C8A2AEB4A8F003AB250 /* ShoppingLogTests.swift in Sources */,
			);
			runOnlyForDeploymentPostprocessing = 0;
		};
		D6875C8B2AEB4A8F003AB250 /* Sources */ = {
			isa = PBXSourcesBuildPhase;
			buildActionMask = 2147483647;
			files = (
				D6875C942AEB4A8F003AB250 /* ShoppingLogUITests.swift in Sources */,
				D6875C962AEB4A8F003AB250 /* ShoppingLogUITestsLaunchTests.swift in Sources */,
			);
			runOnlyForDeploymentPostprocessing = 0;
		};
/* End PBXSourcesBuildPhase section */

/* Begin PBXTargetDependency section */
		D6875C872AEB4A8F003AB250 /* PBXTargetDependency */ = {
			isa = PBXTargetDependency;
			target = D6875C722AEB4A8D003AB250 /* ShoppingLog */;
			targetProxy = D6875C862AEB4A8F003AB250 /* PBXContainerItemProxy */;
		};
		D6875C912AEB4A8F003AB250 /* PBXTargetDependency */ = {
			isa = PBXTargetDependency;
			target = D6875C722AEB4A8D003AB250 /* ShoppingLog */;
			targetProxy = D6875C902AEB4A8F003AB250 /* PBXContainerItemProxy */;
		};
/* End PBXTargetDependency section */

/* Begin XCBuildConfiguration section */
		D6875C972AEB4A8F003AB250 /* Debug */ = {
			isa = XCBuildConfiguration;
			buildSettings = {
				ALWAYS_SEARCH_USER_PATHS = NO;
				ASSETCATALOG_COMPILER_GENERATE_SWIFT_ASSET_SYMBOL_EXTENSIONS = YES;
				CLANG_ANALYZER_NONNULL = YES;
				CLANG_ANALYZER_NUMBER_OBJECT_CONVERSION = YES_AGGRESSIVE;
				CLANG_CXX_LANGUAGE_STANDARD = "gnu++20";
				CLANG_ENABLE_MODULES = YES;
				CLANG_ENABLE_OBJC_ARC = YES;
				CLANG_ENABLE_OBJC_WEAK = YES;
				CLANG_WARN_BLOCK_CAPTURE_AUTORELEASING = YES;
				CLANG_WARN_BOOL_CONVERSION = YES;
				CLANG_WARN_COMMA = YES;
				CLANG_WARN_CONSTANT_CONVERSION = YES;
				CLANG_WARN_DEPRECATED_OBJC_IMPLEMENTATIONS = YES;
				CLANG_WARN_DIRECT_OBJC_ISA_USAGE = YES_ERROR;
				CLANG_WARN_DOCUMENTATION_COMMENTS = YES;
				CLANG_WARN_EMPTY_BODY = YES;
				CLANG_WARN_ENUM_CONVERSION = YES;
				CLANG_WARN_INFINITE_RECURSION = YES;
				CLANG_WARN_INT_CONVERSION = YES;
				CLANG_WARN_NON_LITERAL_NULL_CONVERSION = YES;
				CLANG_WARN_OBJC_IMPLICIT_RETAIN_SELF = YES;
				CLANG_WARN_OBJC_LITERAL_CONVERSION = YES;
				CLANG_WARN_OBJC_ROOT_CLASS = YES_ERROR;
				CLANG_WARN_QUOTED_INCLUDE_IN_FRAMEWORK_HEADER = YES;
				CLANG_WARN_RANGE_LOOP_ANALYSIS = YES;
				CLANG_WARN_STRICT_PROTOTYPES = YES;
				CLANG_WARN_SUSPICIOUS_MOVE = YES;
				CLANG_WARN_UNGUARDED_AVAILABILITY = YES_AGGRESSIVE;
				CLANG_WARN_UNREACHABLE_CODE = YES;
				CLANG_WARN__DUPLICATE_METHOD_MATCH = YES;
				COPY_PHASE_STRIP = NO;
				DEBUG_INFORMATION_FORMAT = dwarf;
				ENABLE_STRICT_OBJC_MSGSEND = YES;
				ENABLE_TESTABILITY = YES;
				ENABLE_USER_SCRIPT_SANDBOXING = YES;
				GCC_C_LANGUAGE_STANDARD = gnu17;
				GCC_DYNAMIC_NO_PIC = NO;
				GCC_NO_COMMON_BLOCKS = YES;
				GCC_OPTIMIZATION_LEVEL = 0;
				GCC_PREPROCESSOR_DEFINITIONS = (
					"DEBUG=1",
					"$(inherited)",
				);
				GCC_WARN_64_TO_32_BIT_CONVERSION = YES;
				GCC_WARN_ABOUT_RETURN_TYPE = YES_ERROR;
				GCC_WARN_UNDECLARED_SELECTOR = YES;
				GCC_WARN_UNINITIALIZED_AUTOS = YES_AGGRESSIVE;
				GCC_WARN_UNUSED_FUNCTION = YES;
				GCC_WARN_UNUSED_VARIABLE = YES;
				IPHONEOS_DEPLOYMENT_TARGET = 17.0;
				LOCALIZATION_PREFERS_STRING_CATALOGS = YES;
				MTL_ENABLE_DEBUG_INFO = INCLUDE_SOURCE;
				MTL_FAST_MATH = YES;
				ONLY_ACTIVE_ARCH = YES;
				SDKROOT = iphoneos;
				SWIFT_ACTIVE_COMPILATION_CONDITIONS = "DEBUG $(inherited)";
				SWIFT_OPTIMIZATION_LEVEL = "-Onone";
			};
			name = Debug;
		};
		D6875C982AEB4A8F003AB250 /* Release */ = {
			isa = XCBuildConfiguration;
			buildSettings = {
				ALWAYS_SEARCH_USER_PATHS = NO;
				ASSETCATALOG_COMPILER_GENERATE_SWIFT_ASSET_SYMBOL_EXTENSIONS = YES;
				CLANG_ANALYZER_NONNULL = YES;
				CLANG_ANALYZER_NUMBER_OBJECT_CONVERSION = YES_AGGRESSIVE;
				CLANG_CXX_LANGUAGE_STANDARD = "gnu++20";
				CLANG_ENABLE_MODULES = YES;
				CLANG_ENABLE_OBJC_ARC = YES;
				CLANG_ENABLE_OBJC_WEAK = YES;
				CLANG_WARN_BLOCK_CAPTURE_AUTORELEASING = YES;
				CLANG_WARN_BOOL_CONVERSION = YES;
				CLANG_WARN_COMMA = YES;
				CLANG_WARN_CONSTANT_CONVERSION = YES;
				CLANG_WARN_DEPRECATED_OBJC_IMPLEMENTATIONS = YES;
				CLANG_WARN_DIRECT_OBJC_ISA_USAGE = YES_ERROR;
				CLANG_WARN_DOCUMENTATION_COMMENTS = YES;
				CLANG_WARN_EMPTY_BODY = YES;
				CLANG_WARN_ENUM_CONVERSION = YES;
				CLANG_WARN_INFINITE_RECURSION = YES;
				CLANG_WARN_INT_CONVERSION = YES;
				CLANG_WARN_NON_LITERAL_NULL_CONVERSION = YES;
				CLANG_WARN_OBJC_IMPLICIT_RETAIN_SELF = YES;
				CLANG_WARN_OBJC_LITERAL_CONVERSION = YES;
				CLANG_WARN_OBJC_ROOT_CLASS = YES_ERROR;
				CLANG_WARN_QUOTED_INCLUDE_IN_FRAMEWORK_HEADER = YES;
				CLANG_WARN_RANGE_LOOP_ANALYSIS = YES;
				CLANG_WARN_STRICT_PROTOTYPES = YES;
				CLANG_WARN_SUSPICIOUS_MOVE = YES;
				CLANG_WARN_UNGUARDED_AVAILABILITY = YES_AGGRESSIVE;
				CLANG_WARN_UNREACHABLE_CODE = YES;
				CLANG_WARN__DUPLICATE_METHOD_MATCH = YES;
				COPY_PHASE_STRIP = NO;
				DEBUG_INFORMATION_FORMAT = "dwarf-with-dsym";
				ENABLE_NS_ASSERTIONS = NO;
				ENABLE_STRICT_OBJC_MSGSEND = YES;
				ENABLE_USER_SCRIPT_SANDBOXING = YES;
				GCC_C_LANGUAGE_STANDARD = gnu17;
				GCC_NO_COMMON_BLOCKS = YES;
				GCC_WARN_64_TO_32_BIT_CONVERSION = YES;
				GCC_WARN_ABOUT_RETURN_TYPE = YES_ERROR;
				GCC_WARN_UNDECLARED_SELECTOR = YES;
				GCC_WARN_UNINITIALIZED_AUTOS = YES_AGGRESSIVE;
				GCC_WARN_UNUSED_FUNCTION = YES;
				GCC_WARN_UNUSED_VARIABLE = YES;
				IPHONEOS_DEPLOYMENT_TARGET = 17.0;
				LOCALIZATION_PREFERS_STRING_CATALOGS = YES;
				MTL_ENABLE_DEBUG_INFO = NO;
				MTL_FAST_MATH = YES;
				SDKROOT = iphoneos;
				SWIFT_COMPILATION_MODE = wholemodule;
				VALIDATE_PRODUCT = YES;
			};
			name = Release;
		};
		D6875C9A2AEB4A8F003AB250 /* Debug */ = {
			isa = XCBuildConfiguration;
			buildSettings = {
				ASSETCATALOG_COMPILER_APPICON_NAME = AppIcon;
				ASSETCATALOG_COMPILER_GLOBAL_ACCENT_COLOR_NAME = AccentColor;
				CODE_SIGN_STYLE = Automatic;
				CURRENT_PROJECT_VERSION = 1;
				DEVELOPMENT_ASSET_PATHS = "\"ShoppingLog/Preview Content\"";
				DEVELOPMENT_TEAM = HF42G63PQY;
				ENABLE_PREVIEWS = YES;
				GENERATE_INFOPLIST_FILE = YES;
				INFOPLIST_KEY_UIApplicationSceneManifest_Generation = YES;
				INFOPLIST_KEY_UIApplicationSupportsIndirectInputEvents = YES;
				INFOPLIST_KEY_UILaunchScreen_Generation = YES;
				INFOPLIST_KEY_UISupportedInterfaceOrientations_iPad = "UIInterfaceOrientationPortrait UIInterfaceOrientationPortraitUpsideDown UIInterfaceOrientationLandscapeLeft UIInterfaceOrientationLandscapeRight";
				INFOPLIST_KEY_UISupportedInterfaceOrientations_iPhone = "UIInterfaceOrientationPortrait UIInterfaceOrientationLandscapeLeft UIInterfaceOrientationLandscapeRight";
				LD_RUNPATH_SEARCH_PATHS = (
					"$(inherited)",
					"@executable_path/Frameworks",
				);
				MARKETING_VERSION = 1.0;
				PRODUCT_BUNDLE_IDENTIFIER = com.ribereo.minami.ShoppingLog;
				PRODUCT_NAME = "$(TARGET_NAME)";
				SWIFT_EMIT_LOC_STRINGS = YES;
				SWIFT_VERSION = 5.0;
				TARGETED_DEVICE_FAMILY = "1,2";
			};
			name = Debug;
		};
		D6875C9B2AEB4A8F003AB250 /* Release */ = {
			isa = XCBuildConfiguration;
			buildSettings = {
				ASSETCATALOG_COMPILER_APPICON_NAME = AppIcon;
				ASSETCATALOG_COMPILER_GLOBAL_ACCENT_COLOR_NAME = AccentColor;
				CODE_SIGN_STYLE = Automatic;
				CURRENT_PROJECT_VERSION = 1;
				DEVELOPMENT_ASSET_PATHS = "\"ShoppingLog/Preview Content\"";
				DEVELOPMENT_TEAM = HF42G63PQY;
				ENABLE_PREVIEWS = YES;
				GENERATE_INFOPLIST_FILE = YES;
				INFOPLIST_KEY_UIApplicationSceneManifest_Generation = YES;
				INFOPLIST_KEY_UIApplicationSupportsIndirectInputEvents = YES;
				INFOPLIST_KEY_UILaunchScreen_Generation = YES;
				INFOPLIST_KEY_UISupportedInterfaceOrientations_iPad = "UIInterfaceOrientationPortrait UIInterfaceOrientationPortraitUpsideDown UIInterfaceOrientationLandscapeLeft UIInterfaceOrientationLandscapeRight";
				INFOPLIST_KEY_UISupportedInterfaceOrientations_iPhone = "UIInterfaceOrientationPortrait UIInterfaceOrientationLandscapeLeft UIInterfaceOrientationLandscapeRight";
				LD_RUNPATH_SEARCH_PATHS = (
					"$(inherited)",
					"@executable_path/Frameworks",
				);
				MARKETING_VERSION = 1.0;
				PRODUCT_BUNDLE_IDENTIFIER = com.ribereo.minami.ShoppingLog;
				PRODUCT_NAME = "$(TARGET_NAME)";
				SWIFT_EMIT_LOC_STRINGS = YES;
				SWIFT_VERSION = 5.0;
				TARGETED_DEVICE_FAMILY = "1,2";
			};
			name = Release;
		};
		D6875C9D2AEB4A8F003AB250 /* Debug */ = {
			isa = XCBuildConfiguration;
			buildSettings = {
				ALWAYS_EMBED_SWIFT_STANDARD_LIBRARIES = YES;
				BUNDLE_LOADER = "$(TEST_HOST)";
				CODE_SIGN_STYLE = Automatic;
				CURRENT_PROJECT_VERSION = 1;
				DEVELOPMENT_TEAM = HF42G63PQY;
				GENERATE_INFOPLIST_FILE = YES;
				IPHONEOS_DEPLOYMENT_TARGET = 17.0;
				MARKETING_VERSION = 1.0;
				PRODUCT_BUNDLE_IDENTIFIER = com.ribereo.minami.ShoppingLogTests;
				PRODUCT_NAME = "$(TARGET_NAME)";
				SWIFT_EMIT_LOC_STRINGS = NO;
				SWIFT_VERSION = 5.0;
				TARGETED_DEVICE_FAMILY = "1,2";
				TEST_HOST = "$(BUILT_PRODUCTS_DIR)/ShoppingLog.app/$(BUNDLE_EXECUTABLE_FOLDER_PATH)/ShoppingLog";
			};
			name = Debug;
		};
		D6875C9E2AEB4A8F003AB250 /* Release */ = {
			isa = XCBuildConfiguration;
			buildSettings = {
				ALWAYS_EMBED_SWIFT_STANDARD_LIBRARIES = YES;
				BUNDLE_LOADER = "$(TEST_HOST)";
				CODE_SIGN_STYLE = Automatic;
				CURRENT_PROJECT_VERSION = 1;
				DEVELOPMENT_TEAM = HF42G63PQY;
				GENERATE_INFOPLIST_FILE = YES;
				IPHONEOS_DEPLOYMENT_TARGET = 17.0;
				MARKETING_VERSION = 1.0;
				PRODUCT_BUNDLE_IDENTIFIER = com.ribereo.minami.ShoppingLogTests;
				PRODUCT_NAME = "$(TARGET_NAME)";
				SWIFT_EMIT_LOC_STRINGS = NO;
				SWIFT_VERSION = 5.0;
				TARGETED_DEVICE_FAMILY = "1,2";
				TEST_HOST = "$(BUILT_PRODUCTS_DIR)/ShoppingLog.app/$(BUNDLE_EXECUTABLE_FOLDER_PATH)/ShoppingLog";
			};
			name = Release;
		};
		D6875CA02AEB4A8F003AB250 /* Debug */ = {
			isa = XCBuildConfiguration;
			buildSettings = {
				ALWAYS_EMBED_SWIFT_STANDARD_LIBRARIES = YES;
				CODE_SIGN_STYLE = Automatic;
				CURRENT_PROJECT_VERSION = 1;
				DEVELOPMENT_TEAM = HF42G63PQY;
				GENERATE_INFOPLIST_FILE = YES;
				MARKETING_VERSION = 1.0;
				PRODUCT_BUNDLE_IDENTIFIER = com.ribereo.minami.ShoppingLogUITests;
				PRODUCT_NAME = "$(TARGET_NAME)";
				SWIFT_EMIT_LOC_STRINGS = NO;
				SWIFT_VERSION = 5.0;
				TARGETED_DEVICE_FAMILY = "1,2";
				TEST_TARGET_NAME = ShoppingLog;
			};
			name = Debug;
		};
		D6875CA12AEB4A8F003AB250 /* Release */ = {
			isa = XCBuildConfiguration;
			buildSettings = {
				ALWAYS_EMBED_SWIFT_STANDARD_LIBRARIES = YES;
				CODE_SIGN_STYLE = Automatic;
				CURRENT_PROJECT_VERSION = 1;
				DEVELOPMENT_TEAM = HF42G63PQY;
				GENERATE_INFOPLIST_FILE = YES;
				MARKETING_VERSION = 1.0;
				PRODUCT_BUNDLE_IDENTIFIER = com.ribereo.minami.ShoppingLogUITests;
				PRODUCT_NAME = "$(TARGET_NAME)";
				SWIFT_EMIT_LOC_STRINGS = NO;
				SWIFT_VERSION = 5.0;
				TARGETED_DEVICE_FAMILY = "1,2";
				TEST_TARGET_NAME = ShoppingLog;
			};
			name = Release;
		};
/* End XCBuildConfiguration section */

/* Begin XCConfigurationList section */
		D6875C6E2AEB4A8D003AB250 /* Build configuration list for PBXProject "ShoppingLog" */ = {
			isa = XCConfigurationList;
			buildConfigurations = (
				D6875C972AEB4A8F003AB250 /* Debug */,
				D6875C982AEB4A8F003AB250 /* Release */,
			);
			defaultConfigurationIsVisible = 0;
			defaultConfigurationName = Release;
		};
		D6875C992AEB4A8F003AB250 /* Build configuration list for PBXNativeTarget "ShoppingLog" */ = {
			isa = XCConfigurationList;
			buildConfigurations = (
				D6875C9A2AEB4A8F003AB250 /* Debug */,
				D6875C9B2AEB4A8F003AB250 /* Release */,
			);
			defaultConfigurationIsVisible = 0;
			defaultConfigurationName = Release;
		};
		D6875C9C2AEB4A8F003AB250 /* Build configuration list for PBXNativeTarget "ShoppingLogTests" */ = {
			isa = XCConfigurationList;
			buildConfigurations = (
				D6875C9D2AEB4A8F003AB250 /* Debug */,
				D6875C9E2AEB4A8F003AB250 /* Release */,
			);
			defaultConfigurationIsVisible = 0;
			defaultConfigurationName = Release;
		};
		D6875C9F2AEB4A8F003AB250 /* Build configuration list for PBXNativeTarget "ShoppingLogUITests" */ = {
			isa = XCConfigurationList;
			buildConfigurations = (
				D6875CA02AEB4A8F003AB250 /* Debug */,
				D6875CA12AEB4A8F003AB250 /* Release */,
			);
			defaultConfigurationIsVisible = 0;
			defaultConfigurationName = Release;
		};
/* End XCConfigurationList section */
	};
	rootObject = D6875C6B2AEB4A8D003AB250 /* Project object */;
}
